{
  "name": "multiply",
  "version": "0.1.0",
  "lockfileVersion": 3,
  "requires": true,
  "packages": {
    "": {
      "name": "multiply",
      "version": "0.1.0",
      "license": "Apache-2.0",
      "devDependencies": {
        "typescript": "^5.4.5"
      },
      "peerDependencies": {
        "o1js": "^2.*"
      }
    },
    "node_modules/blakejs": {
      "version": "1.2.1",
      "resolved": "https://registry.npmjs.org/blakejs/-/blakejs-1.2.1.tgz",
      "integrity": "sha512-QXUSXI3QVc/gJME0dBpXrag1kbzOqCjCX8/b54ntNyW6sjtoqxqRk3LTmXzaJoh71zMsDCjM+47jS7XiwN/+fQ==",
      "license": "MIT",
      "peer": true
    },
    "node_modules/cachedir": {
      "version": "2.4.0",
      "resolved": "https://registry.npmjs.org/cachedir/-/cachedir-2.4.0.tgz",
      "integrity": "sha512-9EtFOZR8g22CL7BWjJ9BUx1+A/djkofnyW3aOXZORNW2kxoUpx2h+uN2cOqwPmFhnpVmxg+KW2OjOSgChTEvsQ==",
      "license": "MIT",
      "peer": true,
      "engines": {
        "node": ">=6"
      }
    },
    "node_modules/error-stack-parser": {
      "version": "2.1.4",
      "resolved": "https://registry.npmjs.org/error-stack-parser/-/error-stack-parser-2.1.4.tgz",
      "integrity": "sha512-Sk5V6wVazPhq5MhpO+AUxJn5x7XSXGl1R93Vn7i+zS15KDVxQijejNCrz8340/2bgLBjR9GtEG8ZVKONDjcqGQ==",
      "license": "MIT",
      "peer": true,
      "dependencies": {
        "stackframe": "^1.3.4"
      }
    },
    "node_modules/js-sha256": {
      "version": "0.9.0",
      "resolved": "https://registry.npmjs.org/js-sha256/-/js-sha256-0.9.0.tgz",
      "integrity": "sha512-sga3MHh9sgQN2+pJ9VYZ+1LPwXOxuBJBA5nrR5/ofPfuiJBE2hnjsaN8se8JznOmGLN2p49Pe5U/ttafcs/apA==",
      "license": "MIT",
      "peer": true
    },
    "node_modules/libsodium-sumo": {
      "version": "0.7.15",
      "resolved": "https://registry.npmjs.org/libsodium-sumo/-/libsodium-sumo-0.7.15.tgz",
      "integrity": "sha512-5tPmqPmq8T8Nikpm1Nqj0hBHvsLFCXvdhBFV7SGOitQPZAA6jso8XoL0r4L7vmfKXr486fiQInvErHtEvizFMw==",
      "license": "ISC",
      "peer": true
    },
    "node_modules/libsodium-wrappers-sumo": {
      "version": "0.7.15",
      "resolved": "https://registry.npmjs.org/libsodium-wrappers-sumo/-/libsodium-wrappers-sumo-0.7.15.tgz",
      "integrity": "sha512-aSWY8wKDZh5TC7rMvEdTHoyppVq/1dTSAeAR7H6pzd6QRT3vQWcT5pGwCotLcpPEOLXX6VvqihSPkpEhYAjANA==",
      "license": "ISC",
      "peer": true,
      "dependencies": {
        "libsodium-sumo": "^0.7.15"
      }
    },
    "node_modules/o1js": {
      "version": "2.7.0",
      "resolved": "https://registry.npmjs.org/o1js/-/o1js-2.7.0.tgz",
      "integrity": "sha512-St8XpGkDdgAhPUrjsfdgPnfCYGAFDZ4/itHWGvVSvSZH+RwbyafaYDgc5Phv/Xfn/ERFj50CNMlhmgQWYzTV2w==",
      "license": "Apache-2.0",
      "peer": true,
      "dependencies": {
        "blakejs": "1.2.1",
        "cachedir": "^2.4.0",
        "js-sha256": "^0.9.0",
        "libsodium-wrappers-sumo": "^0.7.15",
        "reflect-metadata": "^0.1.13",
        "stacktrace-js": "^2.0.2",
        "tslib": "^2.3.0"
      },
      "bin": {
        "snarky-run": "src/build/run.js"
      },
      "engines": {
        "node": ">=18.14.0"
      }
    },
    "node_modules/reflect-metadata": {
      "version": "0.1.14",
      "resolved": "https://registry.npmjs.org/reflect-metadata/-/reflect-metadata-0.1.14.tgz",
      "integrity": "sha512-ZhYeb6nRaXCfhnndflDK8qI6ZQ/YcWZCISRAWICW9XYqMUwjZM9Z0DveWX/ABN01oxSHwVxKQmxeYZSsm0jh5A==",
      "license": "Apache-2.0",
      "peer": true
    },
    "node_modules/source-map": {
      "version": "0.5.6",
      "resolved": "https://registry.npmjs.org/source-map/-/source-map-0.5.6.tgz",
      "integrity": "sha512-MjZkVp0NHr5+TPihLcadqnlVoGIoWo4IBHptutGh9wI3ttUYvCG26HkSuDi+K6lsZ25syXJXcctwgyVCt//xqA==",
      "license": "BSD-3-Clause",
      "peer": true,
      "engines": {
        "node": ">=0.10.0"
      }
    },
    "node_modules/stack-generator": {
      "version": "2.0.10",
      "resolved": "https://registry.npmjs.org/stack-generator/-/stack-generator-2.0.10.tgz",
      "integrity": "sha512-mwnua/hkqM6pF4k8SnmZ2zfETsRUpWXREfA/goT8SLCV4iOFa4bzOX2nDipWAZFPTjLvQB82f5yaodMVhK0yJQ==",
      "license": "MIT",
      "peer": true,
      "dependencies": {
        "stackframe": "^1.3.4"
      }
    },
    "node_modules/stackframe": {
      "version": "1.3.4",
      "resolved": "https://registry.npmjs.org/stackframe/-/stackframe-1.3.4.tgz",
      "integrity": "sha512-oeVtt7eWQS+Na6F//S4kJ2K2VbRlS9D43mAlMyVpVWovy9o+jfgH8O9agzANzaiLjclA0oYzUXEM4PurhSUChw==",
      "license": "MIT",
      "peer": true
    },
    "node_modules/stacktrace-gps": {
      "version": "3.1.2",
      "resolved": "https://registry.npmjs.org/stacktrace-gps/-/stacktrace-gps-3.1.2.tgz",
      "integrity": "sha512-GcUgbO4Jsqqg6RxfyTHFiPxdPqF+3LFmQhm7MgCuYQOYuWyqxo5pwRPz5d/u6/WYJdEnWfK4r+jGbyD8TSggXQ==",
      "license": "MIT",
      "peer": true,
      "dependencies": {
        "source-map": "0.5.6",
        "stackframe": "^1.3.4"
      }
    },
    "node_modules/stacktrace-js": {
      "version": "2.0.2",
      "resolved": "https://registry.npmjs.org/stacktrace-js/-/stacktrace-js-2.0.2.tgz",
      "integrity": "sha512-Je5vBeY4S1r/RnLydLl0TBTi3F2qdfWmYsGvtfZgEI+SCprPppaIhQf5nGcal4gI4cGpCV/duLcAzT1np6sQqg==",
      "license": "MIT",
      "peer": true,
      "dependencies": {
        "error-stack-parser": "^2.0.6",
        "stack-generator": "^2.0.5",
        "stacktrace-gps": "^3.0.4"
      }
    },
    "node_modules/tslib": {
      "version": "2.8.1",
      "resolved": "https://registry.npmjs.org/tslib/-/tslib-2.8.1.tgz",
      "integrity": "sha512-oJFu94HQb+KVduSUQL7wnpmqnfmLsOA/nAh6b6EH0wCEoK0/mPeXU6c3wKDV83MkOuHPRHtSXKKU99IBazS/2w==",
      "license": "0BSD",
      "peer": true
    },
    "node_modules/typescript": {
      "version": "5.8.3",
      "resolved": "https://registry.npmjs.org/typescript/-/typescript-5.8.3.tgz",
      "integrity": "sha512-p1diW6TqL9L07nNxvRMM7hMMw4c5XOo/1ibL4aAIGmSAt9slTE1Xgw5KWuof2uTOvCg9BY7ZRi+GaF+7sfgPeQ==",
      "dev": true,
      "license": "Apache-2.0",
      "bin": {
        "tsc": "bin/tsc",
        "tsserver": "bin/tsserver"
      },
      "engines": {
        "node": ">=14.17"
      }
    }
  }
}
