# This file was autogenerated by Stack.
# You should not edit this file by hand.
# For more information, please see the documentation at:
#   https://docs.haskellstack.org/en/stable/lock_files

packages:
- completed:
    commit: d7d0da6b5df8045afdfb820ba8d08f34dc4c3e58
    git: https://github.com/btq-ag/galois-field.git
    name: galois-field
    pantry-tree:
      sha256: 0b9cd01ab0ed19b29bc34aed4157dbb05eef1dabb543b349c9720dbc743aca72
      size: 4656
    version: 1.0.4
  original:
    commit: d7d0da6b5df8045afdfb820ba8d08f34dc4c3e58
    git: https://github.com/btq-ag/galois-field.git
- completed:
    commit: 94b2a01d7c0ed46ae543580cce87b30492ebbdbf
    git: https://github.com/btq-ag/keelung.git
    name: keelung
    pantry-tree:
      sha256: 16027ff8e2fa2f1765108c5fbdf58a07c1329f5941afb8dc5d52df43c3d48770
      size: 2059
    version: 0.26.1
  original:
    commit: 94b2a01d7c0ed46ae543580cce87b30492ebbdbf
    git: https://github.com/btq-ag/keelung.git
- completed:
    commit: 869acb40d1aac5e48d70c3ae3eb716b6f4aeb6d3
    git: https://github.com/btq-ag/keelung-stdlib.git
    name: keelung-stdlib
    pantry-tree:
      sha256: 736cba137ae44b853f7cbd9e2120532a58e952c70bd56f64de7d188aeae8e313
      size: 2281
    version: 0.1.0.0
  original:
    commit: 869acb40d1aac5e48d70c3ae3eb716b6f4aeb6d3
    git: https://github.com/btq-ag/keelung-stdlib.git
snapshots:
- completed:
    sha256: 5a59b2a405b3aba3c00188453be172b85893cab8ebc352b1ef58b0eae5d248a2
    size: 650475
    url: https://raw.githubusercontent.com/commercialhaskell/stackage-snapshots/master/lts/20/26.yaml
  original: lts-20.26
